
Microsoft Visual Studio Solution File, Format Version 12.00
Project("{FAE04EC0-301F-11D3-BF4B-00C04F79EFBC}") = "sjukhus-journal", "sjukhus-journal\sjukhus-journal.csproj", "{FC00FB39-504E-4037-8602-5920D74EBF08}"
EndProject
Global
	GlobalSection(SolutionConfigurationPlatforms) = preSolution
		Debug|Any CPU = Debug|Any CPU
		Release|Any CPU = Release|Any CPU
	EndGlobalSection
	GlobalSection(ProjectConfigurationPlatforms) = postSolution
		{FC00FB39-504E-4037-8602-5920D74EBF08}.Debug|Any CPU.ActiveCfg = Debug|Any CPU
		{FC00FB39-504E-4037-8602-5920D74EBF08}.Debug|Any CPU.Build.0 = Debug|Any CPU
		{FC00FB39-504E-4037-8602-5920D74EBF08}.Release|Any CPU.ActiveCfg = Release|Any CPU
		{FC00FB39-504E-4037-8602-5920D74EBF08}.Release|Any CPU.Build.0 = Release|Any CPU
	EndGlobalSection
EndGlobal
